
Microsoft Visual Studio Solution File, Format Version 12.00
# Visual Studio Version 17
VisualStudioVersion = 17.0.31717.71
MinimumVisualStudioVersion = 10.0.40219.1
Project("{9A19103F-16F7-4668-BE54-9A1E7A4F7556}") = "PSC.Extensions", ".\PSC.Extensions\PSC.Extensions.csproj", "{1E287A98-9888-4CC5-A60F-00400DCB9F97}"
EndProject
Global
	GlobalSection(SolutionConfigurationPlatforms) = preSolution
		Debug|Any CPU = Debug|Any CPU
		Release|Any CPU = Release|Any CPU
	EndGlobalSection
	GlobalSection(ProjectConfigurationPlatforms) = postSolution
		{1E287A98-9888-4CC5-A60F-00400DCB9F97}.Debug|Any CPU.ActiveCfg = Debug|Any CPU
		{1E287A98-9888-4CC5-A60F-00400DCB9F97}.Debug|Any CPU.Build.0 = Debug|Any CPU
		{1E287A98-9888-4CC5-A60F-00400DCB9F97}.Release|Any CPU.ActiveCfg = Release|Any CPU
		{1E287A98-9888-4CC5-A60F-00400DCB9F97}.Release|Any CPU.Build.0 = Release|Any CPU
	EndGlobalSection
	GlobalSection(SolutionProperties) = preSolution
		HideSolutionNode = FALSE
	EndGlobalSection
	GlobalSection(ExtensibilityGlobals) = postSolution
		SolutionGuid = {A0A7D41F-9010-426A-8555-54D9939A8F92}
	EndGlobalSection
EndGlobal
